
Microsoft Visual Studio Solution File, Format Version 12.00
# Visual Studio Version 16
VisualStudioVersion = 16.0.30204.135
MinimumVisualStudioVersion = 10.0.40219.1
Project("{FAE04EC0-301F-11D3-BF4B-00C04F79EFBC}") = "MidTerm_AjayDesai", "MidTerm_AjayDesai.csproj", "{938AA4DB-173C-4EB0-8AE6-F084FF44BF8E}"
EndProject
Global
	GlobalSection(SolutionConfigurationPlatforms) = preSolution
		Debug|Any CPU = Debug|Any CPU
		Release|Any CPU = Release|Any CPU
	EndGlobalSection
	GlobalSection(ProjectConfigurationPlatforms) = postSolution
		{938AA4DB-173C-4EB0-8AE6-F084FF44BF8E}.Debug|Any CPU.ActiveCfg = Debug|Any CPU
		{938AA4DB-173C-4EB0-8AE6-F084FF44BF8E}.Debug|Any CPU.Build.0 = Debug|Any CPU
		{938AA4DB-173C-4EB0-8AE6-F084FF44BF8E}.Release|Any CPU.ActiveCfg = Release|Any CPU
		{938AA4DB-173C-4EB0-8AE6-F084FF44BF8E}.Release|Any CPU.Build.0 = Release|Any CPU
	EndGlobalSection
	GlobalSection(SolutionProperties) = preSolution
		HideSolutionNode = FALSE
	EndGlobalSection
	GlobalSection(ExtensibilityGlobals) = postSolution
		SolutionGuid = {0B615BB9-8C9B-4F3B-B9FE-9E178DF727AB}
	EndGlobalSection
EndGlobal
